// !$*UTF8*$!
{
	archiveVersion = 1;
	classes = {
	};
	objectVersion = 51;
	objects = {

/* Begin PBXBuildFile section */
		5AEC7D93D2AF8EB56A2FF6DF /* Pods_Fetch_Rewards_Project.framework in Frameworks */ = {isa = PBXBuildFile; fileRef = 4D03D6F6E87E5B470334CB90 /* Pods_Fetch_Rewards_Project.framework */; };
		C89A9508255B68B8002EDB47 /* AppDelegate.swift in Sources */ = {isa = PBXBuildFile; fileRef = C89A9507255B68B8002EDB47 /* AppDelegate.swift */; };
		C89A950A255B68B8002EDB47 /* SceneDelegate.swift in Sources */ = {isa = PBXBuildFile; fileRef = C89A9509255B68B8002EDB47 /* SceneDelegate.swift */; };
		C89A950C255B68B8002EDB47 /* ViewController.swift in Sources */ = {isa = PBXBuildFile; fileRef = C89A950B255B68B8002EDB47 /* ViewController.swift */; };
		C89A9511255B68B9002EDB47 /* Assets.xcassets in Resources */ = {isa = PBXBuildFile; fileRef = C89A9510255B68B9002EDB47 /* Assets.xcassets */; };
		C89A9514255B68B9002EDB47 /* LaunchScreen.storyboard in Resources */ = {isa = PBXBuildFile; fileRef = C89A9512255B68B9002EDB47 /* LaunchScreen.storyboard */; };
		C89A9528255B690D002EDB47 /* NetworkManager.swift in Sources */ = {isa = PBXBuildFile; fileRef = C89A9527255B690D002EDB47 /* NetworkManager.swift */; };
		C89A952C255B69B0002EDB47 /* Item.swift in Sources */ = {isa = PBXBuildFile; fileRef = C89A952B255B69B0002EDB47 /* Item.swift */; };
		C89A9533255B6FFF002EDB47 /* ItemTableViewCell.swift in Sources */ = {isa = PBXBuildFile; fileRef = C89A9532255B6FFF002EDB47 /* ItemTableViewCell.swift */; };
		C89A9538255B7A7B002EDB47 /* ItemTableViewHeader.swift in Sources */ = {isa = PBXBuildFile; fileRef = C89A9537255B7A7B002EDB47 /* ItemTableViewHeader.swift */; };
/* End PBXBuildFile section */

/* Begin PBXFileReference section */
		4D03D6F6E87E5B470334CB90 /* Pods_Fetch_Rewards_Project.framework */ = {isa = PBXFileReference; explicitFileType = wrapper.framework; includeInIndex = 0; path = Pods_Fetch_Rewards_Project.framework; sourceTree = BUILT_PRODUCTS_DIR; };
		C89A9504255B68B8002EDB47 /* Fetch-Rewards-Project.app */ = {isa = PBXFileReference; explicitFileType = wrapper.application; includeInIndex = 0; path = "Fetch-Rewards-Project.app"; sourceTree = BUILT_PRODUCTS_DIR; };
		C89A9507255B68B8002EDB47 /* AppDelegate.swift */ = {isa = PBXFileReference; lastKnownFileType = sourcecode.swift; path = AppDelegate.swift; sourceTree = "<group>"; };
		C89A9509255B68B8002EDB47 /* SceneDelegate.swift */ = {isa = PBXFileReference; lastKnownFileType = sourcecode.swift; path = SceneDelegate.swift; sourceTree = "<group>"; };
		C89A950B255B68B8002EDB47 /* ViewController.swift */ = {isa = PBXFileReference; lastKnownFileType = sourcecode.swift; path = ViewController.swift; sourceTree = "<group>"; };
		C89A9510255B68B9002EDB47 /* Assets.xcassets */ = {isa = PBXFileReference; lastKnownFileType = folder.assetcatalog; path = Assets.xcassets; sourceTree = "<group>"; };
		C89A9513255B68B9002EDB47 /* Base */ = {isa = PBXFileReference; lastKnownFileType = file.storyboard; name = Base; path = Base.lproj/LaunchScreen.storyboard; sourceTree = "<group>"; };
		C89A9515255B68B9002EDB47 /* Info.plist */ = {isa = PBXFileReference; lastKnownFileType = text.plist.xml; path = Info.plist; sourceTree = "<group>"; };
		C89A9527255B690D002EDB47 /* NetworkManager.swift */ = {isa = PBXFileReference; lastKnownFileType = sourcecode.swift; path = NetworkManager.swift; sourceTree = "<group>"; };
		C89A952B255B69B0002EDB47 /* Item.swift */ = {isa = PBXFileReference; lastKnownFileType = sourcecode.swift; path = Item.swift; sourceTree = "<group>"; };
		C89A9532255B6FFF002EDB47 /* ItemTableViewCell.swift */ = {isa = PBXFileReference; lastKnownFileType = sourcecode.swift; path = ItemTableViewCell.swift; sourceTree = "<group>"; };
		C89A9537255B7A7B002EDB47 /* ItemTableViewHeader.swift */ = {isa = PBXFileReference; lastKnownFileType = sourcecode.swift; path = ItemTableViewHeader.swift; sourceTree = "<group>"; };
		EE0E37912CE2BE3EE168AA6F /* Pods-Fetch-Rewards-Project.debug.xcconfig */ = {isa = PBXFileReference; includeInIndex = 1; lastKnownFileType = text.xcconfig; name = "Pods-Fetch-Rewards-Project.debug.xcconfig"; path = "Target Support Files/Pods-Fetch-Rewards-Project/Pods-Fetch-Rewards-Project.debug.xcconfig"; sourceTree = "<group>"; };
		F664DA811B3D78227FE369DF /* Pods-Fetch-Rewards-Project.release.xcconfig */ = {isa = PBXFileReference; includeInIndex = 1; lastKnownFileType = text.xcconfig; name = "Pods-Fetch-Rewards-Project.release.xcconfig"; path = "Target Support Files/Pods-Fetch-Rewards-Project/Pods-Fetch-Rewards-Project.release.xcconfig"; sourceTree = "<group>"; };
/* End PBXFileReference section */

/* Begin PBXFrameworksBuildPhase section */
		C89A9501255B68B8002EDB47 /* Frameworks */ = {
			isa = PBXFrameworksBuildPhase;
			buildActionMask = 2147483647;
			files = (
				5AEC7D93D2AF8EB56A2FF6DF /* Pods_Fetch_Rewards_Project.framework in Frameworks */,
			);
			runOnlyForDeploymentPostprocessing = 0;
		};
/* End PBXFrameworksBuildPhase section */

/* Begin PBXGroup section */
		02BCA343FF8CD28A4EAB2D40 /* Pods */ = {
			isa = PBXGroup;
			children = (
				EE0E37912CE2BE3EE168AA6F /* Pods-Fetch-Rewards-Project.debug.xcconfig */,
				F664DA811B3D78227FE369DF /* Pods-Fetch-Rewards-Project.release.xcconfig */,
			);
			path = Pods;
			sourceTree = "<group>";
		};
		C89A94FB255B68B8002EDB47 = {
			isa = PBXGroup;
			children = (
				C89A9506255B68B8002EDB47 /* Fetch-Rewards-Project */,
				C89A9505255B68B8002EDB47 /* Products */,
				02BCA343FF8CD28A4EAB2D40 /* Pods */,
				D8D609AC3B0393B3C9E74869 /* Frameworks */,
			);
			sourceTree = "<group>";
		};
		C89A9505255B68B8002EDB47 /* Products */ = {
			isa = PBXGroup;
			children = (
				C89A9504255B68B8002EDB47 /* Fetch-Rewards-Project.app */,
			);
			name = Products;
			sourceTree = "<group>";
		};
		C89A9506255B68B8002EDB47 /* Fetch-Rewards-Project */ = {
			isa = PBXGroup;
			children = (
				C89A9507255B68B8002EDB47 /* AppDelegate.swift */,
				C89A9509255B68B8002EDB47 /* SceneDelegate.swift */,
				C89A9535255B7433002EDB47 /* Controllers */,
				C89A952A255B698E002EDB47 /* Networking */,
				C89A9510255B68B9002EDB47 /* Assets.xcassets */,
				C89A9512255B68B9002EDB47 /* LaunchScreen.storyboard */,
				C89A9515255B68B9002EDB47 /* Info.plist */,
			);
			path = "Fetch-Rewards-Project";
			sourceTree = "<group>";
		};
		C89A952A255B698E002EDB47 /* Networking */ = {
			isa = PBXGroup;
			children = (
				C89A9527255B690D002EDB47 /* NetworkManager.swift */,
				C89A952B255B69B0002EDB47 /* Item.swift */,
			);
			path = Networking;
			sourceTree = "<group>";
		};
		C89A9535255B7433002EDB47 /* Controllers */ = {
			isa = PBXGroup;
			children = (
				C89A950B255B68B8002EDB47 /* ViewController.swift */,
				C89A9532255B6FFF002EDB47 /* ItemTableViewCell.swift */,
				C89A9537255B7A7B002EDB47 /* ItemTableViewHeader.swift */,
			);
			path = Controllers;
			sourceTree = "<group>";
		};
		D8D609AC3B0393B3C9E74869 /* Frameworks */ = {
			isa = PBXGroup;
			children = (
				4D03D6F6E87E5B470334CB90 /* Pods_Fetch_Rewards_Project.framework */,
			);
			name = Frameworks;
			sourceTree = "<group>";
		};
/* End PBXGroup section */

/* Begin PBXNativeTarget section */
		C89A9503255B68B8002EDB47 /* Fetch-Rewards-Project */ = {
			isa = PBXNativeTarget;
			buildConfigurationList = C89A9518255B68B9002EDB47 /* Build configuration list for PBXNativeTarget "Fetch-Rewards-Project" */;
			buildPhases = (
				B1666EC4C1E6419E662FB11E /* [CP] Check Pods Manifest.lock */,
				C89A9500255B68B8002EDB47 /* Sources */,
				C89A9501255B68B8002EDB47 /* Frameworks */,
				C89A9502255B68B8002EDB47 /* Resources */,
				8A5D92A71CE1F94FFBC1FC60 /* [CP] Embed Pods Frameworks */,
			);
			buildRules = (
			);
			dependencies = (
			);
			name = "Fetch-Rewards-Project";
			productName = "Fetch-Rewards-Project";
			productReference = C89A9504255B68B8002EDB47 /* Fetch-Rewards-Project.app */;
			productType = "com.apple.product-type.application";
		};
/* End PBXNativeTarget section */

/* Begin PBXProject section */
		C89A94FC255B68B8002EDB47 /* Project object */ = {
			isa = PBXProject;
			attributes = {
				LastSwiftUpdateCheck = 1200;
				LastUpgradeCheck = 1200;
				TargetAttributes = {
					C89A9503255B68B8002EDB47 = {
						CreatedOnToolsVersion = 12.0;
					};
				};
			};
			buildConfigurationList = C89A94FF255B68B8002EDB47 /* Build configuration list for PBXProject "Fetch-Rewards-Project" */;
			compatibilityVersion = "Xcode 9.3";
			developmentRegion = en;
			hasScannedForEncodings = 0;
			knownRegions = (
				en,
				Base,
			);
			mainGroup = C89A94FB255B68B8002EDB47;
			productRefGroup = C89A9505255B68B8002EDB47 /* Products */;
			projectDirPath = "";
			projectRoot = "";
			targets = (
				C89A9503255B68B8002EDB47 /* Fetch-Rewards-Project */,
			);
		};
/* End PBXProject section */

/* Begin PBXResourcesBuildPhase section */
		C89A9502255B68B8002EDB47 /* Resources */ = {
			isa = PBXResourcesBuildPhase;
			buildActionMask = 2147483647;
			files = (
				C89A9514255B68B9002EDB47 /* LaunchScreen.storyboard in Resources */,
				C89A9511255B68B9002EDB47 /* Assets.xcassets in Resources */,
			);
			runOnlyForDeploymentPostprocessing = 0;
		};
/* End PBXResourcesBuildPhase section */

/* Begin PBXShellScriptBuildPhase section */
		8A5D92A71CE1F94FFBC1FC60 /* [CP] Embed Pods Frameworks */ = {
			isa = PBXShellScriptBuildPhase;
			buildActionMask = 2147483647;
			files = (
			);
			inputFileListPaths = (
				"${PODS_ROOT}/Target Support Files/Pods-Fetch-Rewards-Project/Pods-Fetch-Rewards-Project-frameworks-${CONFIGURATION}-input-files.xcfilelist",
			);
			name = "[CP] Embed Pods Frameworks";
			outputFileListPaths = (
				"${PODS_ROOT}/Target Support Files/Pods-Fetch-Rewards-Project/Pods-Fetch-Rewards-Project-frameworks-${CONFIGURATION}-output-files.xcfilelist",
			);
			runOnlyForDeploymentPostprocessing = 0;
			shellPath = /bin/sh;
			shellScript = "\"${PODS_ROOT}/Target Support Files/Pods-Fetch-Rewards-Project/Pods-Fetch-Rewards-Project-frameworks.sh\"\n";
			showEnvVarsInLog = 0;
		};
		B1666EC4C1E6419E662FB11E /* [CP] Check Pods Manifest.lock */ = {
			isa = PBXShellScriptBuildPhase;
			buildActionMask = 2147483647;
			files = (
			);
			inputFileListPaths = (
			);
			inputPaths = (
				"${PODS_PODFILE_DIR_PATH}/Podfile.lock",
				"${PODS_ROOT}/Manifest.lock",
			);
			name = "[CP] Check Pods Manifest.lock";
			outputFileListPaths = (
			);
			outputPaths = (
				"$(DERIVED_FILE_DIR)/Pods-Fetch-Rewards-Project-checkManifestLockResult.txt",
			);
			runOnlyForDeploymentPostprocessing = 0;
			shellPath = /bin/sh;
			shellScript = "diff \"${PODS_PODFILE_DIR_PATH}/Podfile.lock\" \"${PODS_ROOT}/Manifest.lock\" > /dev/null\nif [ $? != 0 ] ; then\n    # print error to STDERR\n    echo \"error: The sandbox is not in sync with the Podfile.lock. Run 'pod install' or update your CocoaPods installation.\" >&2\n    exit 1\nfi\n# This output is used by Xcode 'outputs' to avoid re-running this script phase.\necho \"SUCCESS\" > \"${SCRIPT_OUTPUT_FILE_0}\"\n";
			showEnvVarsInLog = 0;
		};
/* End PBXShellScriptBuildPhase section */

/* Begin PBXSourcesBuildPhase section */
		C89A9500255B68B8002EDB47 /* Sources */ = {
			isa = PBXSourcesBuildPhase;
			buildActionMask = 2147483647;
			files = (
				C89A9538255B7A7B002EDB47 /* ItemTableViewHeader.swift in Sources */,
				C89A952C255B69B0002EDB47 /* Item.swift in Sources */,
				C89A9528255B690D002EDB47 /* NetworkManager.swift in Sources */,
				C89A950C255B68B8002EDB47 /* ViewController.swift in Sources */,
				C89A9508255B68B8002EDB47 /* AppDelegate.swift in Sources */,
				C89A9533255B6FFF002EDB47 /* ItemTableViewCell.swift in Sources */,
				C89A950A255B68B8002EDB47 /* SceneDelegate.swift in Sources */,
			);
			runOnlyForDeploymentPostprocessing = 0;
		};
/* End PBXSourcesBuildPhase section */

/* Begin PBXVariantGroup section */
		C89A9512255B68B9002EDB47 /* LaunchScreen.storyboard */ = {
			isa = PBXVariantGroup;
			children = (
				C89A9513255B68B9002EDB47 /* Base */,
			);
			name = LaunchScreen.storyboard;
			sourceTree = "<group>";
		};
/* End PBXVariantGroup section */

/* Begin XCBuildConfiguration section */
		C89A9516255B68B9002EDB47 /* Debug */ = {
			isa = XCBuildConfiguration;
			buildSettings = {
				ALWAYS_SEARCH_USER_PATHS = NO;
				CLANG_ANALYZER_NONNULL = YES;
				CLANG_ANALYZER_NUMBER_OBJECT_CONVERSION = YES_AGGRESSIVE;
				CLANG_CXX_LANGUAGE_STANDARD = "gnu++14";
				CLANG_CXX_LIBRARY = "libc++";
				CLANG_ENABLE_MODULES = YES;
				CLANG_ENABLE_OBJC_ARC = YES;
				CLANG_ENABLE_OBJC_WEAK = YES;
				CLANG_WARN_BLOCK_CAPTURE_AUTORELEASING = YES;
				CLANG_WARN_BOOL_CONVERSION = YES;
				CLANG_WARN_COMMA = YES;
				CLANG_WARN_CONSTANT_CONVERSION = YES;
				CLANG_WARN_DEPRECATED_OBJC_IMPLEMENTATIONS = YES;
				CLANG_WARN_DIRECT_OBJC_ISA_USAGE = YES_ERROR;
				CLANG_WARN_DOCUMENTATION_COMMENTS = YES;
				CLANG_WARN_EMPTY_BODY = YES;
				CLANG_WARN_ENUM_CONVERSION = YES;
				CLANG_WARN_INFINITE_RECURSION = YES;
				CLANG_WARN_INT_CONVERSION = YES;
				CLANG_WARN_NON_LITERAL_NULL_CONVERSION = YES;
				CLANG_WARN_OBJC_IMPLICIT_RETAIN_SELF = YES;
				CLANG_WARN_OBJC_LITERAL_CONVERSION = YES;
				CLANG_WARN_OBJC_ROOT_CLASS = YES_ERROR;
				CLANG_WARN_QUOTED_INCLUDE_IN_FRAMEWORK_HEADER = YES;
				CLANG_WARN_RANGE_LOOP_ANALYSIS = YES;
				CLANG_WARN_STRICT_PROTOTYPES = YES;
				CLANG_WARN_SUSPICIOUS_MOVE = YES;
				CLANG_WARN_UNGUARDED_AVAILABILITY = YES_AGGRESSIVE;
				CLANG_WARN_UNREACHABLE_CODE = YES;
				CLANG_WARN__DUPLICATE_METHOD_MATCH = YES;
				COPY_PHASE_STRIP = NO;
				DEBUG_INFORMATION_FORMAT = dwarf;
				ENABLE_STRICT_OBJC_MSGSEND = YES;
				ENABLE_TESTABILITY = YES;
				GCC_C_LANGUAGE_STANDARD = gnu11;
				GCC_DYNAMIC_NO_PIC = NO;
				GCC_NO_COMMON_BLOCKS = YES;
				GCC_OPTIMIZATION_LEVEL = 0;
				GCC_PREPROCESSOR_DEFINITIONS = (
					"DEBUG=1",
					"$(inherited)",
				);
				GCC_WARN_64_TO_32_BIT_CONVERSION = YES;
				GCC_WARN_ABOUT_RETURN_TYPE = YES_ERROR;
				GCC_WARN_UNDECLARED_SELECTOR = YES;
				GCC_WARN_UNINITIALIZED_AUTOS = YES_AGGRESSIVE;
				GCC_WARN_UNUSED_FUNCTION = YES;
				GCC_WARN_UNUSED_VARIABLE = YES;
				IPHONEOS_DEPLOYMENT_TARGET = 14.0;
				MTL_ENABLE_DEBUG_INFO = INCLUDE_SOURCE;
				MTL_FAST_MATH = YES;
				ONLY_ACTIVE_ARCH = YES;
				SDKROOT = iphoneos;
				SWIFT_ACTIVE_COMPILATION_CONDITIONS = DEBUG;
				SWIFT_OPTIMIZATION_LEVEL = "-Onone";
			};
			name = Debug;
		};
		C89A9517255B68B9002EDB47 /* Release */ = {
			isa = XCBuildConfiguration;
			buildSettings = {
				ALWAYS_SEARCH_USER_PATHS = NO;
				CLANG_ANALYZER_NONNULL = YES;
				CLANG_ANALYZER_NUMBER_OBJECT_CONVERSION = YES_AGGRESSIVE;
				CLANG_CXX_LANGUAGE_STANDARD = "gnu++14";
				CLANG_CXX_LIBRARY = "libc++";
				CLANG_ENABLE_MODULES = YES;
				CLANG_ENABLE_OBJC_ARC = YES;
				CLANG_ENABLE_OBJC_WEAK = YES;
				CLANG_WARN_BLOCK_CAPTURE_AUTORELEASING = YES;
				CLANG_WARN_BOOL_CONVERSION = YES;
				CLANG_WARN_COMMA = YES;
				CLANG_WARN_CONSTANT_CONVERSION = YES;
				CLANG_WARN_DEPRECATED_OBJC_IMPLEMENTATIONS = YES;
				CLANG_WARN_DIRECT_OBJC_ISA_USAGE = YES_ERROR;
				CLANG_WARN_DOCUMENTATION_COMMENTS = YES;
				CLANG_WARN_EMPTY_BODY = YES;
				CLANG_WARN_ENUM_CONVERSION = YES;
				CLANG_WARN_INFINITE_RECURSION = YES;
				CLANG_WARN_INT_CONVERSION = YES;
				CLANG_WARN_NON_LITERAL_NULL_CONVERSION = YES;
				CLANG_WARN_OBJC_IMPLICIT_RETAIN_SELF = YES;
				CLANG_WARN_OBJC_LITERAL_CONVERSION = YES;
				CLANG_WARN_OBJC_ROOT_CLASS = YES_ERROR;
				CLANG_WARN_QUOTED_INCLUDE_IN_FRAMEWORK_HEADER = YES;
				CLANG_WARN_RANGE_LOOP_ANALYSIS = YES;
				CLANG_WARN_STRICT_PROTOTYPES = YES;
				CLANG_WARN_SUSPICIOUS_MOVE = YES;
				CLANG_WARN_UNGUARDED_AVAILABILITY = YES_AGGRESSIVE;
				CLANG_WARN_UNREACHABLE_CODE = YES;
				CLANG_WARN__DUPLICATE_METHOD_MATCH = YES;
				COPY_PHASE_STRIP = NO;
				DEBUG_INFORMATION_FORMAT = "dwarf-with-dsym";
				ENABLE_NS_ASSERTIONS = NO;
				ENABLE_STRICT_OBJC_MSGSEND = YES;
				GCC_C_LANGUAGE_STANDARD = gnu11;
				GCC_NO_COMMON_BLOCKS = YES;
				GCC_WARN_64_TO_32_BIT_CONVERSION = YES;
				GCC_WARN_ABOUT_RETURN_TYPE = YES_ERROR;
				GCC_WARN_UNDECLARED_SELECTOR = YES;
				GCC_WARN_UNINITIALIZED_AUTOS = YES_AGGRESSIVE;
				GCC_WARN_UNUSED_FUNCTION = YES;
				GCC_WARN_UNUSED_VARIABLE = YES;
				IPHONEOS_DEPLOYMENT_TARGET = 14.0;
				MTL_ENABLE_DEBUG_INFO = NO;
				MTL_FAST_MATH = YES;
				SDKROOT = iphoneos;
				SWIFT_COMPILATION_MODE = wholemodule;
				SWIFT_OPTIMIZATION_LEVEL = "-O";
				VALIDATE_PRODUCT = YES;
			};
			name = Release;
		};
		C89A9519255B68B9002EDB47 /* Debug */ = {
			isa = XCBuildConfiguration;
			baseConfigurationReference = EE0E37912CE2BE3EE168AA6F /* Pods-Fetch-Rewards-Project.debug.xcconfig */;
			buildSettings = {
				ASSETCATALOG_COMPILER_APPICON_NAME = AppIcon;
				ASSETCATALOG_COMPILER_GLOBAL_ACCENT_COLOR_NAME = AccentColor;
				CODE_SIGN_STYLE = Automatic;
				DEVELOPMENT_TEAM = N8Q2RB8T9J;
				INFOPLIST_FILE = "Fetch-Rewards-Project/Info.plist";
				LD_RUNPATH_SEARCH_PATHS = (
					"$(inherited)",
					"@executable_path/Frameworks",
				);
				PRODUCT_BUNDLE_IDENTIFIER = "com.readeplunkett.Fetch-Rewards-Project";
				PRODUCT_NAME = "$(TARGET_NAME)";
				SWIFT_VERSION = 5.0;
				TARGETED_DEVICE_FAMILY = "1,2";
			};
			name = Debug;
		};
		C89A951A255B68B9002EDB47 /* Release */ = {
			isa = XCBuildConfiguration;
			baseConfigurationReference = F664DA811B3D78227FE369DF /* Pods-Fetch-Rewards-Project.release.xcconfig */;
			buildSettings = {
				ASSETCATALOG_COMPILER_APPICON_NAME = AppIcon;
				ASSETCATALOG_COMPILER_GLOBAL_ACCENT_COLOR_NAME = AccentColor;
				CODE_SIGN_STYLE = Automatic;
				DEVELOPMENT_TEAM = N8Q2RB8T9J;
				INFOPLIST_FILE = "Fetch-Rewards-Project/Info.plist";
				LD_RUNPATH_SEARCH_PATHS = (
					"$(inherited)",
					"@executable_path/Frameworks",
				);
				PRODUCT_BUNDLE_IDENTIFIER = "com.readeplunkett.Fetch-Rewards-Project";
				PRODUCT_NAME = "$(TARGET_NAME)";
				SWIFT_VERSION = 5.0;
				TARGETED_DEVICE_FAMILY = "1,2";
			};
			name = Release;
		};
/* End XCBuildConfiguration section */

/* Begin XCConfigurationList section */
		C89A94FF255B68B8002EDB47 /* Build configuration list for PBXProject "Fetch-Rewards-Project" */ = {
			isa = XCConfigurationList;
			buildConfigurations = (
				C89A9516255B68B9002EDB47 /* Debug */,
				C89A9517255B68B9002EDB47 /* Release */,
			);
			defaultConfigurationIsVisible = 0;
			defaultConfigurationName = Release;
		};
		C89A9518255B68B9002EDB47 /* Build configuration list for PBXNativeTarget "Fetch-Rewards-Project" */ = {
			isa = XCConfigurationList;
			buildConfigurations = (
				C89A9519255B68B9002EDB47 /* Debug */,
				C89A951A255B68B9002EDB47 /* Release */,
			);
			defaultConfigurationIsVisible = 0;
			defaultConfigurationName = Release;
		};
/* End XCConfigurationList section */
	};
	rootObject = C89A94FC255B68B8002EDB47 /* Project object */;
}
